
Microsoft Visual Studio Solution File, Format Version 12.00
# Visual Studio Version 16
VisualStudioVersion = 16.0.29215.179
MinimumVisualStudioVersion = 10.0.40219.1
Project("{8BC9CEB8-8B4A-11D0-8D11-00A0C91BC942}") = "telecomExcercises", "telecomExcercises.vcxproj", "{4EA67AD2-D947-42F8-BB11-49FAE8D59190}"
EndProject
Global
	GlobalSection(SolutionConfigurationPlatforms) = preSolution
		Debug|x64 = Debug|x64
		Debug|x86 = Debug|x86
		Release|x64 = Release|x64
		Release|x86 = Release|x86
	EndGlobalSection
	GlobalSection(ProjectConfigurationPlatforms) = postSolution
		{4EA67AD2-D947-42F8-BB11-49FAE8D59190}.Debug|x64.ActiveCfg = Debug|x64
		{4EA67AD2-D947-42F8-BB11-49FAE8D59190}.Debug|x64.Build.0 = Debug|x64
		{4EA67AD2-D947-42F8-BB11-49FAE8D59190}.Debug|x86.ActiveCfg = Debug|Win32
		{4EA67AD2-D947-42F8-BB11-49FAE8D59190}.Debug|x86.Build.0 = Debug|Win32
		{4EA67AD2-D947-42F8-BB11-49FAE8D59190}.Release|x64.ActiveCfg = Release|x64
		{4EA67AD2-D947-42F8-BB11-49FAE8D59190}.Release|x64.Build.0 = Release|x64
		{4EA67AD2-D947-42F8-BB11-49FAE8D59190}.Release|x86.ActiveCfg = Release|Win32
		{4EA67AD2-D947-42F8-BB11-49FAE8D59190}.Release|x86.Build.0 = Release|Win32
	EndGlobalSection
	GlobalSection(SolutionProperties) = preSolution
		HideSolutionNode = FALSE
	EndGlobalSection
	GlobalSection(ExtensibilityGlobals) = postSolution
		SolutionGuid = {1798C4B0-226F-4AD2-AA9F-438AFC13A745}
	EndGlobalSection
EndGlobal
